
Microsoft Visual Studio Solution File, Format Version 12.00
# Visual Studio 14
VisualStudioVersion = 14.0.25420.1
MinimumVisualStudioVersion = 10.0.40219.1
Project("{FAE04EC0-301F-11D3-BF4B-00C04F79EFBC}") = "SqlWorker", "SqlWorker\SqlWorker.csproj", "{D9F0E673-2988-47BF-A0D7-842A538A3AE9}"
EndProject
Project("{FAE04EC0-301F-11D3-BF4B-00C04F79EFBC}") = "Testing", "Testing\Testing.csproj", "{9BC82B25-DFDA-4C9C-8B8F-64E988D3321F}"
EndProject
Project("{2150E333-8FDC-42A3-9474-1A3956D46DE8}") = "Solution Items", "Solution Items", "{94B827E5-A98F-414B-8ED9-31284E3FE85C}"
	ProjectSection(SolutionItems) = preProject
		creating nuget package readme.txt = creating nuget package readme.txt
		Rebracer.xml = Rebracer.xml
	EndProjectSection
EndProject
Project("{FAE04EC0-301F-11D3-BF4B-00C04F79EFBC}") = "SqlWorker.MySql", "SqlWorker.MySql\SqlWorker.MySql.csproj", "{DED00584-2EC1-4F75-A707-3E82EAF9DF83}"
EndProject
Global
	GlobalSection(SolutionConfigurationPlatforms) = preSolution
		Debug|Any CPU = Debug|Any CPU
		Debug|Mixed Platforms = Debug|Mixed Platforms
		Debug|x86 = Debug|x86
		Release|Any CPU = Release|Any CPU
		Release|Mixed Platforms = Release|Mixed Platforms
		Release|x86 = Release|x86
	EndGlobalSection
	GlobalSection(ProjectConfigurationPlatforms) = postSolution
		{D9F0E673-2988-47BF-A0D7-842A538A3AE9}.Debug|Any CPU.ActiveCfg = Debug|Any CPU
		{D9F0E673-2988-47BF-A0D7-842A538A3AE9}.Debug|Any CPU.Build.0 = Debug|Any CPU
		{D9F0E673-2988-47BF-A0D7-842A538A3AE9}.Debug|Mixed Platforms.ActiveCfg = Debug|Any CPU
		{D9F0E673-2988-47BF-A0D7-842A538A3AE9}.Debug|Mixed Platforms.Build.0 = Debug|Any CPU
		{D9F0E673-2988-47BF-A0D7-842A538A3AE9}.Debug|x86.ActiveCfg = Debug|Any CPU
		{D9F0E673-2988-47BF-A0D7-842A538A3AE9}.Release|Any CPU.ActiveCfg = Release|Any CPU
		{D9F0E673-2988-47BF-A0D7-842A538A3AE9}.Release|Any CPU.Build.0 = Release|Any CPU
		{D9F0E673-2988-47BF-A0D7-842A538A3AE9}.Release|Mixed Platforms.ActiveCfg = Release|Any CPU
		{D9F0E673-2988-47BF-A0D7-842A538A3AE9}.Release|Mixed Platforms.Build.0 = Release|Any CPU
		{D9F0E673-2988-47BF-A0D7-842A538A3AE9}.Release|x86.ActiveCfg = Release|Any CPU
		{9BC82B25-DFDA-4C9C-8B8F-64E988D3321F}.Debug|Any CPU.ActiveCfg = Debug|x86
		{9BC82B25-DFDA-4C9C-8B8F-64E988D3321F}.Debug|Any CPU.Build.0 = Debug|x86
		{9BC82B25-DFDA-4C9C-8B8F-64E988D3321F}.Debug|Mixed Platforms.ActiveCfg = Debug|x86
		{9BC82B25-DFDA-4C9C-8B8F-64E988D3321F}.Debug|Mixed Platforms.Build.0 = Debug|x86
		{9BC82B25-DFDA-4C9C-8B8F-64E988D3321F}.Debug|x86.ActiveCfg = Debug|x86
		{9BC82B25-DFDA-4C9C-8B8F-64E988D3321F}.Debug|x86.Build.0 = Debug|x86
		{9BC82B25-DFDA-4C9C-8B8F-64E988D3321F}.Release|Any CPU.ActiveCfg = Release|x86
		{9BC82B25-DFDA-4C9C-8B8F-64E988D3321F}.Release|Mixed Platforms.ActiveCfg = Release|x86
		{9BC82B25-DFDA-4C9C-8B8F-64E988D3321F}.Release|Mixed Platforms.Build.0 = Release|x86
		{9BC82B25-DFDA-4C9C-8B8F-64E988D3321F}.Release|x86.ActiveCfg = Release|x86
		{9BC82B25-DFDA-4C9C-8B8F-64E988D3321F}.Release|x86.Build.0 = Release|x86
		{DED00584-2EC1-4F75-A707-3E82EAF9DF83}.Debug|Any CPU.ActiveCfg = Debug|Any CPU
		{DED00584-2EC1-4F75-A707-3E82EAF9DF83}.Debug|Any CPU.Build.0 = Debug|Any CPU
		{DED00584-2EC1-4F75-A707-3E82EAF9DF83}.Debug|Mixed Platforms.ActiveCfg = Debug|Any CPU
		{DED00584-2EC1-4F75-A707-3E82EAF9DF83}.Debug|Mixed Platforms.Build.0 = Debug|Any CPU
		{DED00584-2EC1-4F75-A707-3E82EAF9DF83}.Debug|x86.ActiveCfg = Debug|Any CPU
		{DED00584-2EC1-4F75-A707-3E82EAF9DF83}.Debug|x86.Build.0 = Debug|Any CPU
		{DED00584-2EC1-4F75-A707-3E82EAF9DF83}.Release|Any CPU.ActiveCfg = Release|Any CPU
		{DED00584-2EC1-4F75-A707-3E82EAF9DF83}.Release|Any CPU.Build.0 = Release|Any CPU
		{DED00584-2EC1-4F75-A707-3E82EAF9DF83}.Release|Mixed Platforms.ActiveCfg = Release|Any CPU
		{DED00584-2EC1-4F75-A707-3E82EAF9DF83}.Release|Mixed Platforms.Build.0 = Release|Any CPU
		{DED00584-2EC1-4F75-A707-3E82EAF9DF83}.Release|x86.ActiveCfg = Release|Any CPU
		{DED00584-2EC1-4F75-A707-3E82EAF9DF83}.Release|x86.Build.0 = Release|Any CPU
	EndGlobalSection
	GlobalSection(SolutionProperties) = preSolution
		HideSolutionNode = FALSE
	EndGlobalSection
	GlobalSection(MonoDevelopProperties) = preSolution
		StartupItem = Testing\Testing.csproj
	EndGlobalSection
EndGlobal
