
Microsoft Visual Studio Solution File, Format Version 12.00
# Visual Studio 15
VisualStudioVersion = 15.0.26124.0
MinimumVisualStudioVersion = 15.0.26124.0
Project("{FAE04EC0-301F-11D3-BF4B-00C04F79EFBC}") = "SqlWorker", "SqlWorker\SqlWorker.csproj", "{EA218D0A-AC0F-4EA1-B33E-486209137694}"
EndProject
Project("{FAE04EC0-301F-11D3-BF4B-00C04F79EFBC}") = "SqlWorker.MsSql", "SqlWorker.MsSql\SqlWorker.MsSql.csproj", "{B9210175-F117-4617-8781-C9F8A063E76B}"
EndProject
Project("{FAE04EC0-301F-11D3-BF4B-00C04F79EFBC}") = "Tests", "Tests\Tests.csproj", "{A85919B6-66DA-4143-AC04-3CDFE7AA2C0B}"
EndProject
Project("{FAE04EC0-301F-11D3-BF4B-00C04F79EFBC}") = "SqlWorker.Async", "SqlWorker.Async\SqlWorker.Async.csproj", "{AF7942EF-F92E-4500-ACB8-A021737146EC}"
EndProject
Project("{FAE04EC0-301F-11D3-BF4B-00C04F79EFBC}") = "SqlWorker.PostgreSql", "SqlWorker.PostgreSql\SqlWorker.PostgreSql.csproj", "{C2630D43-DDD3-4ECE-8DFC-67CA6C4B00E7}"
EndProject
Global
	GlobalSection(SolutionConfigurationPlatforms) = preSolution
		Debug|Any CPU = Debug|Any CPU
		Debug|x64 = Debug|x64
		Debug|x86 = Debug|x86
		Release|Any CPU = Release|Any CPU
		Release|x64 = Release|x64
		Release|x86 = Release|x86
	EndGlobalSection
	GlobalSection(SolutionProperties) = preSolution
		HideSolutionNode = FALSE
	EndGlobalSection
	GlobalSection(ProjectConfigurationPlatforms) = postSolution
		{EA218D0A-AC0F-4EA1-B33E-486209137694}.Debug|Any CPU.ActiveCfg = Debug|Any CPU
		{EA218D0A-AC0F-4EA1-B33E-486209137694}.Debug|Any CPU.Build.0 = Debug|Any CPU
		{EA218D0A-AC0F-4EA1-B33E-486209137694}.Debug|x64.ActiveCfg = Debug|Any CPU
		{EA218D0A-AC0F-4EA1-B33E-486209137694}.Debug|x64.Build.0 = Debug|Any CPU
		{EA218D0A-AC0F-4EA1-B33E-486209137694}.Debug|x86.ActiveCfg = Debug|Any CPU
		{EA218D0A-AC0F-4EA1-B33E-486209137694}.Debug|x86.Build.0 = Debug|Any CPU
		{EA218D0A-AC0F-4EA1-B33E-486209137694}.Release|Any CPU.ActiveCfg = Release|Any CPU
		{EA218D0A-AC0F-4EA1-B33E-486209137694}.Release|Any CPU.Build.0 = Release|Any CPU
		{EA218D0A-AC0F-4EA1-B33E-486209137694}.Release|x64.ActiveCfg = Release|Any CPU
		{EA218D0A-AC0F-4EA1-B33E-486209137694}.Release|x64.Build.0 = Release|Any CPU
		{EA218D0A-AC0F-4EA1-B33E-486209137694}.Release|x86.ActiveCfg = Release|Any CPU
		{EA218D0A-AC0F-4EA1-B33E-486209137694}.Release|x86.Build.0 = Release|Any CPU
		{B9210175-F117-4617-8781-C9F8A063E76B}.Debug|Any CPU.ActiveCfg = Debug|Any CPU
		{B9210175-F117-4617-8781-C9F8A063E76B}.Debug|Any CPU.Build.0 = Debug|Any CPU
		{B9210175-F117-4617-8781-C9F8A063E76B}.Debug|x64.ActiveCfg = Debug|Any CPU
		{B9210175-F117-4617-8781-C9F8A063E76B}.Debug|x64.Build.0 = Debug|Any CPU
		{B9210175-F117-4617-8781-C9F8A063E76B}.Debug|x86.ActiveCfg = Debug|Any CPU
		{B9210175-F117-4617-8781-C9F8A063E76B}.Debug|x86.Build.0 = Debug|Any CPU
		{B9210175-F117-4617-8781-C9F8A063E76B}.Release|Any CPU.ActiveCfg = Release|Any CPU
		{B9210175-F117-4617-8781-C9F8A063E76B}.Release|Any CPU.Build.0 = Release|Any CPU
		{B9210175-F117-4617-8781-C9F8A063E76B}.Release|x64.ActiveCfg = Release|Any CPU
		{B9210175-F117-4617-8781-C9F8A063E76B}.Release|x64.Build.0 = Release|Any CPU
		{B9210175-F117-4617-8781-C9F8A063E76B}.Release|x86.ActiveCfg = Release|Any CPU
		{B9210175-F117-4617-8781-C9F8A063E76B}.Release|x86.Build.0 = Release|Any CPU
		{A85919B6-66DA-4143-AC04-3CDFE7AA2C0B}.Debug|Any CPU.ActiveCfg = Debug|Any CPU
		{A85919B6-66DA-4143-AC04-3CDFE7AA2C0B}.Debug|Any CPU.Build.0 = Debug|Any CPU
		{A85919B6-66DA-4143-AC04-3CDFE7AA2C0B}.Debug|x64.ActiveCfg = Debug|Any CPU
		{A85919B6-66DA-4143-AC04-3CDFE7AA2C0B}.Debug|x64.Build.0 = Debug|Any CPU
		{A85919B6-66DA-4143-AC04-3CDFE7AA2C0B}.Debug|x86.ActiveCfg = Debug|Any CPU
		{A85919B6-66DA-4143-AC04-3CDFE7AA2C0B}.Debug|x86.Build.0 = Debug|Any CPU
		{A85919B6-66DA-4143-AC04-3CDFE7AA2C0B}.Release|Any CPU.ActiveCfg = Release|Any CPU
		{A85919B6-66DA-4143-AC04-3CDFE7AA2C0B}.Release|Any CPU.Build.0 = Release|Any CPU
		{A85919B6-66DA-4143-AC04-3CDFE7AA2C0B}.Release|x64.ActiveCfg = Release|Any CPU
		{A85919B6-66DA-4143-AC04-3CDFE7AA2C0B}.Release|x64.Build.0 = Release|Any CPU
		{A85919B6-66DA-4143-AC04-3CDFE7AA2C0B}.Release|x86.ActiveCfg = Release|Any CPU
		{A85919B6-66DA-4143-AC04-3CDFE7AA2C0B}.Release|x86.Build.0 = Release|Any CPU
		{AF7942EF-F92E-4500-ACB8-A021737146EC}.Debug|Any CPU.ActiveCfg = Debug|Any CPU
		{AF7942EF-F92E-4500-ACB8-A021737146EC}.Debug|Any CPU.Build.0 = Debug|Any CPU
		{AF7942EF-F92E-4500-ACB8-A021737146EC}.Debug|x64.ActiveCfg = Debug|Any CPU
		{AF7942EF-F92E-4500-ACB8-A021737146EC}.Debug|x64.Build.0 = Debug|Any CPU
		{AF7942EF-F92E-4500-ACB8-A021737146EC}.Debug|x86.ActiveCfg = Debug|Any CPU
		{AF7942EF-F92E-4500-ACB8-A021737146EC}.Debug|x86.Build.0 = Debug|Any CPU
		{AF7942EF-F92E-4500-ACB8-A021737146EC}.Release|Any CPU.ActiveCfg = Release|Any CPU
		{AF7942EF-F92E-4500-ACB8-A021737146EC}.Release|Any CPU.Build.0 = Release|Any CPU
		{AF7942EF-F92E-4500-ACB8-A021737146EC}.Release|x64.ActiveCfg = Release|Any CPU
		{AF7942EF-F92E-4500-ACB8-A021737146EC}.Release|x64.Build.0 = Release|Any CPU
		{AF7942EF-F92E-4500-ACB8-A021737146EC}.Release|x86.ActiveCfg = Release|Any CPU
		{AF7942EF-F92E-4500-ACB8-A021737146EC}.Release|x86.Build.0 = Release|Any CPU
		{C2630D43-DDD3-4ECE-8DFC-67CA6C4B00E7}.Debug|Any CPU.ActiveCfg = Debug|Any CPU
		{C2630D43-DDD3-4ECE-8DFC-67CA6C4B00E7}.Debug|Any CPU.Build.0 = Debug|Any CPU
		{C2630D43-DDD3-4ECE-8DFC-67CA6C4B00E7}.Debug|x64.ActiveCfg = Debug|Any CPU
		{C2630D43-DDD3-4ECE-8DFC-67CA6C4B00E7}.Debug|x64.Build.0 = Debug|Any CPU
		{C2630D43-DDD3-4ECE-8DFC-67CA6C4B00E7}.Debug|x86.ActiveCfg = Debug|Any CPU
		{C2630D43-DDD3-4ECE-8DFC-67CA6C4B00E7}.Debug|x86.Build.0 = Debug|Any CPU
		{C2630D43-DDD3-4ECE-8DFC-67CA6C4B00E7}.Release|Any CPU.ActiveCfg = Release|Any CPU
		{C2630D43-DDD3-4ECE-8DFC-67CA6C4B00E7}.Release|Any CPU.Build.0 = Release|Any CPU
		{C2630D43-DDD3-4ECE-8DFC-67CA6C4B00E7}.Release|x64.ActiveCfg = Release|Any CPU
		{C2630D43-DDD3-4ECE-8DFC-67CA6C4B00E7}.Release|x64.Build.0 = Release|Any CPU
		{C2630D43-DDD3-4ECE-8DFC-67CA6C4B00E7}.Release|x86.ActiveCfg = Release|Any CPU
		{C2630D43-DDD3-4ECE-8DFC-67CA6C4B00E7}.Release|x86.Build.0 = Release|Any CPU
	EndGlobalSection
EndGlobal
